
Microsoft Visual Studio Solution File, Format Version 12.00
# Visual Studio Version 17
VisualStudioVersion = 17.13.35806.99 d17.13
MinimumVisualStudioVersion = 10.0.40219.1
Project("{FAE04EC0-301F-11D3-BF4B-00C04F79EFBC}") = "Calculator", "Calculator\Calculator.csproj", "{899CD6AB-7EFB-43F7-8A1D-790B486C1CA3}"
EndProject
Project("{FAE04EC0-301F-11D3-BF4B-00C04F79EFBC}") = "DebuggingApplication", "DebuggingApplication\DebuggingApplication.csproj", "{5CBE0044-E26B-4DC4-89DC-B7BB19DEA059}"
EndProject
Global
	GlobalSection(SolutionConfigurationPlatforms) = preSolution
		Debug|Any CPU = Debug|Any CPU
		Release|Any CPU = Release|Any CPU
	EndGlobalSection
	GlobalSection(ProjectConfigurationPlatforms) = postSolution
		{899CD6AB-7EFB-43F7-8A1D-790B486C1CA3}.Debug|Any CPU.ActiveCfg = Debug|Any CPU
		{899CD6AB-7EFB-43F7-8A1D-790B486C1CA3}.Debug|Any CPU.Build.0 = Debug|Any CPU
		{899CD6AB-7EFB-43F7-8A1D-790B486C1CA3}.Release|Any CPU.ActiveCfg = Release|Any CPU
		{899CD6AB-7EFB-43F7-8A1D-790B486C1CA3}.Release|Any CPU.Build.0 = Release|Any CPU
		{5CBE0044-E26B-4DC4-89DC-B7BB19DEA059}.Debug|Any CPU.ActiveCfg = Debug|Any CPU
		{5CBE0044-E26B-4DC4-89DC-B7BB19DEA059}.Debug|Any CPU.Build.0 = Debug|Any CPU
		{5CBE0044-E26B-4DC4-89DC-B7BB19DEA059}.Release|Any CPU.ActiveCfg = Release|Any CPU
		{5CBE0044-E26B-4DC4-89DC-B7BB19DEA059}.Release|Any CPU.Build.0 = Release|Any CPU
	EndGlobalSection
	GlobalSection(SolutionProperties) = preSolution
		HideSolutionNode = FALSE
	EndGlobalSection
	GlobalSection(ExtensibilityGlobals) = postSolution
		SolutionGuid = {6EE85C0F-F3D2-4AE9-B983-B430A000F462}
	EndGlobalSection
EndGlobal
